// !$*UTF8*$!
{
	archiveVersion = 1;
	classes = {
	};
	objectVersion = 46;
	objects = {

/* Begin PBXBuildFile section */
		5E4641391D030BD2003B67FC /* ZEssenceViewController.m in Sources */ = {isa = PBXBuildFile; fileRef = 5E4641381D030BD2003B67FC /* ZEssenceViewController.m */; };
		5E46413C1D030C00003B67FC /* ZFriendTrendsViewController.m in Sources */ = {isa = PBXBuildFile; fileRef = 5E46413B1D030C00003B67FC /* ZFriendTrendsViewController.m */; };
		5E46413F1D030C0A003B67FC /* ZMeViewController.m in Sources */ = {isa = PBXBuildFile; fileRef = 5E46413E1D030C0A003B67FC /* ZMeViewController.m */; };
		5E4641421D030C14003B67FC /* ZNewViewController.m in Sources */ = {isa = PBXBuildFile; fileRef = 5E4641411D030C14003B67FC /* ZNewViewController.m */; };
		5E61EEA11D07DF6C004451C5 /* ZFriendTrendsViewController.xib in Resources */ = {isa = PBXBuildFile; fileRef = 5E61EEA01D07DF6C004451C5 /* ZFriendTrendsViewController.xib */; };
		5EB742AF1D02EEC5006DC4C7 /* AppDelegate.m in Sources */ = {isa = PBXBuildFile; fileRef = 5EB742A11D02EEC5006DC4C7 /* AppDelegate.m */; };
		5EB742B01D02EEC5006DC4C7 /* UIBarButtonItem+XMGExtension.m in Sources */ = {isa = PBXBuildFile; fileRef = 5EB742A41D02EEC5006DC4C7 /* UIBarButtonItem+XMGExtension.m */; };
		5EB742B11D02EEC5006DC4C7 /* UIView+XMGExtension.m in Sources */ = {isa = PBXBuildFile; fileRef = 5EB742A61D02EEC5006DC4C7 /* UIView+XMGExtension.m */; };
		5EB742B21D02EEC5006DC4C7 /* XMGTabBarController.m in Sources */ = {isa = PBXBuildFile; fileRef = 5EB742A91D02EEC5006DC4C7 /* XMGTabBarController.m */; };
		5EB742B31D02EEC5006DC4C7 /* main.m in Sources */ = {isa = PBXBuildFile; fileRef = 5EB742AA1D02EEC5006DC4C7 /* main.m */; };
		5EB742B41D02EEC5006DC4C7 /* XMGTabBar.m in Sources */ = {isa = PBXBuildFile; fileRef = 5EB742AE1D02EEC5006DC4C7 /* XMGTabBar.m */; };
		5EC715471D0577010092FF9B /* ZNavigationController.m in Sources */ = {isa = PBXBuildFile; fileRef = 5EC715461D0577010092FF9B /* ZNavigationController.m */; };
		5ECA840E1CF7541D001C03C8 /* Assets.xcassets in Resources */ = {isa = PBXBuildFile; fileRef = 5ECA840D1CF7541D001C03C8 /* Assets.xcassets */; };
		5ECA841C1CF7541D001C03C8 /* BaiSiBuDeJieTests.m in Sources */ = {isa = PBXBuildFile; fileRef = 5ECA841B1CF7541D001C03C8 /* BaiSiBuDeJieTests.m */; };
		5ECA84271CF7541D001C03C8 /* BaiSiBuDeJieUITests.m in Sources */ = {isa = PBXBuildFile; fileRef = 5ECA84261CF7541D001C03C8 /* BaiSiBuDeJieUITests.m */; };
/* End PBXBuildFile section */

/* Begin PBXContainerItemProxy section */
		5ECA84181CF7541D001C03C8 /* PBXContainerItemProxy */ = {
			isa = PBXContainerItemProxy;
			containerPortal = 5ECA83F61CF7541D001C03C8 /* Project object */;
			proxyType = 1;
			remoteGlobalIDString = 5ECA83FD1CF7541D001C03C8;
			remoteInfo = BaiSiBuDeJie;
		};
		5ECA84231CF7541D001C03C8 /* PBXContainerItemProxy */ = {
			isa = PBXContainerItemProxy;
			containerPortal = 5ECA83F61CF7541D001C03C8 /* Project object */;
			proxyType = 1;
			remoteGlobalIDString = 5ECA83FD1CF7541D001C03C8;
			remoteInfo = BaiSiBuDeJie;
		};
/* End PBXContainerItemProxy section */

/* Begin PBXFileReference section */
		5E4641371D030BD2003B67FC /* ZEssenceViewController.h */ = {isa = PBXFileReference; fileEncoding = 4; lastKnownFileType = sourcecode.c.h; path = ZEssenceViewController.h; sourceTree = "<group>"; };
		5E4641381D030BD2003B67FC /* ZEssenceViewController.m */ = {isa = PBXFileReference; fileEncoding = 4; lastKnownFileType = sourcecode.c.objc; path = ZEssenceViewController.m; sourceTree = "<group>"; };
		5E46413A1D030C00003B67FC /* ZFriendTrendsViewController.h */ = {isa = PBXFileReference; fileEncoding = 4; lastKnownFileType = sourcecode.c.h; path = ZFriendTrendsViewController.h; sourceTree = "<group>"; };
		5E46413B1D030C00003B67FC /* ZFriendTrendsViewController.m */ = {isa = PBXFileReference; fileEncoding = 4; lastKnownFileType = sourcecode.c.objc; path = ZFriendTrendsViewController.m; sourceTree = "<group>"; };
		5E46413D1D030C0A003B67FC /* ZMeViewController.h */ = {isa = PBXFileReference; fileEncoding = 4; lastKnownFileType = sourcecode.c.h; path = ZMeViewController.h; sourceTree = "<group>"; };
		5E46413E1D030C0A003B67FC /* ZMeViewController.m */ = {isa = PBXFileReference; fileEncoding = 4; lastKnownFileType = sourcecode.c.objc; path = ZMeViewController.m; sourceTree = "<group>"; };
		5E4641401D030C14003B67FC /* ZNewViewController.h */ = {isa = PBXFileReference; fileEncoding = 4; lastKnownFileType = sourcecode.c.h; path = ZNewViewController.h; sourceTree = "<group>"; };
		5E4641411D030C14003B67FC /* ZNewViewController.m */ = {isa = PBXFileReference; fileEncoding = 4; lastKnownFileType = sourcecode.c.objc; path = ZNewViewController.m; sourceTree = "<group>"; };
		5E61EEA01D07DF6C004451C5 /* ZFriendTrendsViewController.xib */ = {isa = PBXFileReference; fileEncoding = 4; lastKnownFileType = file.xib; path = ZFriendTrendsViewController.xib; sourceTree = "<group>"; };
		5EB742A01D02EEC5006DC4C7 /* AppDelegate.h */ = {isa = PBXFileReference; fileEncoding = 4; lastKnownFileType = sourcecode.c.h; path = AppDelegate.h; sourceTree = "<group>"; };
		5EB742A11D02EEC5006DC4C7 /* AppDelegate.m */ = {isa = PBXFileReference; fileEncoding = 4; lastKnownFileType = sourcecode.c.objc; path = AppDelegate.m; sourceTree = "<group>"; };
		5EB742A31D02EEC5006DC4C7 /* UIBarButtonItem+XMGExtension.h */ = {isa = PBXFileReference; fileEncoding = 4; lastKnownFileType = sourcecode.c.h; path = "UIBarButtonItem+XMGExtension.h"; sourceTree = "<group>"; };
		5EB742A41D02EEC5006DC4C7 /* UIBarButtonItem+XMGExtension.m */ = {isa = PBXFileReference; fileEncoding = 4; lastKnownFileType = sourcecode.c.objc; path = "UIBarButtonItem+XMGExtension.m"; sourceTree = "<group>"; };
		5EB742A51D02EEC5006DC4C7 /* UIView+XMGExtension.h */ = {isa = PBXFileReference; fileEncoding = 4; lastKnownFileType = sourcecode.c.h; path = "UIView+XMGExtension.h"; sourceTree = "<group>"; };
		5EB742A61D02EEC5006DC4C7 /* UIView+XMGExtension.m */ = {isa = PBXFileReference; fileEncoding = 4; lastKnownFileType = sourcecode.c.objc; path = "UIView+XMGExtension.m"; sourceTree = "<group>"; };
		5EB742A81D02EEC5006DC4C7 /* XMGTabBarController.h */ = {isa = PBXFileReference; fileEncoding = 4; lastKnownFileType = sourcecode.c.h; path = XMGTabBarController.h; sourceTree = "<group>"; };
		5EB742A91D02EEC5006DC4C7 /* XMGTabBarController.m */ = {isa = PBXFileReference; fileEncoding = 4; lastKnownFileType = sourcecode.c.objc; path = XMGTabBarController.m; sourceTree = "<group>"; };
		5EB742AA1D02EEC5006DC4C7 /* main.m */ = {isa = PBXFileReference; fileEncoding = 4; lastKnownFileType = sourcecode.c.objc; path = main.m; sourceTree = "<group>"; };
		5EB742AD1D02EEC5006DC4C7 /* XMGTabBar.h */ = {isa = PBXFileReference; fileEncoding = 4; lastKnownFileType = sourcecode.c.h; path = XMGTabBar.h; sourceTree = "<group>"; };
		5EB742AE1D02EEC5006DC4C7 /* XMGTabBar.m */ = {isa = PBXFileReference; fileEncoding = 4; lastKnownFileType = sourcecode.c.objc; path = XMGTabBar.m; sourceTree = "<group>"; };
		5EB742B51D02F0B5006DC4C7 /* PrefixHeader.pch */ = {isa = PBXFileReference; fileEncoding = 4; lastKnownFileType = sourcecode.c.h; path = PrefixHeader.pch; sourceTree = "<group>"; };
		5EC715451D0577010092FF9B /* ZNavigationController.h */ = {isa = PBXFileReference; fileEncoding = 4; lastKnownFileType = sourcecode.c.h; path = ZNavigationController.h; sourceTree = "<group>"; };
		5EC715461D0577010092FF9B /* ZNavigationController.m */ = {isa = PBXFileReference; fileEncoding = 4; lastKnownFileType = sourcecode.c.objc; path = ZNavigationController.m; sourceTree = "<group>"; };
		5ECA83FE1CF7541D001C03C8 /* BaiSiBuDeJie.app */ = {isa = PBXFileReference; explicitFileType = wrapper.application; includeInIndex = 0; path = BaiSiBuDeJie.app; sourceTree = BUILT_PRODUCTS_DIR; };
		5ECA840D1CF7541D001C03C8 /* Assets.xcassets */ = {isa = PBXFileReference; lastKnownFileType = folder.assetcatalog; path = Assets.xcassets; sourceTree = "<group>"; };
		5ECA84121CF7541D001C03C8 /* Info.plist */ = {isa = PBXFileReference; lastKnownFileType = text.plist.xml; path = Info.plist; sourceTree = "<group>"; };
		5ECA84171CF7541D001C03C8 /* BaiSiBuDeJieTests.xctest */ = {isa = PBXFileReference; explicitFileType = wrapper.cfbundle; includeInIndex = 0; path = BaiSiBuDeJieTests.xctest; sourceTree = BUILT_PRODUCTS_DIR; };
		5ECA841B1CF7541D001C03C8 /* BaiSiBuDeJieTests.m */ = {isa = PBXFileReference; lastKnownFileType = sourcecode.c.objc; path = BaiSiBuDeJieTests.m; sourceTree = "<group>"; };
		5ECA841D1CF7541D001C03C8 /* Info.plist */ = {isa = PBXFileReference; lastKnownFileType = text.plist.xml; path = Info.plist; sourceTree = "<group>"; };
		5ECA84221CF7541D001C03C8 /* BaiSiBuDeJieUITests.xctest */ = {isa = PBXFileReference; explicitFileType = wrapper.cfbundle; includeInIndex = 0; path = BaiSiBuDeJieUITests.xctest; sourceTree = BUILT_PRODUCTS_DIR; };
		5ECA84261CF7541D001C03C8 /* BaiSiBuDeJieUITests.m */ = {isa = PBXFileReference; lastKnownFileType = sourcecode.c.objc; path = BaiSiBuDeJieUITests.m; sourceTree = "<group>"; };
		5ECA84281CF7541D001C03C8 /* Info.plist */ = {isa = PBXFileReference; lastKnownFileType = text.plist.xml; path = Info.plist; sourceTree = "<group>"; };
/* End PBXFileReference section */

/* Begin PBXFrameworksBuildPhase section */
		5ECA83FB1CF7541D001C03C8 /* Frameworks */ = {
			isa = PBXFrameworksBuildPhase;
			buildActionMask = 2147483647;
			files = (
			);
			runOnlyForDeploymentPostprocessing = 0;
		};
		5ECA84141CF7541D001C03C8 /* Frameworks */ = {
			isa = PBXFrameworksBuildPhase;
			buildActionMask = 2147483647;
			files = (
			);
			runOnlyForDeploymentPostprocessing = 0;
		};
		5ECA841F1CF7541D001C03C8 /* Frameworks */ = {
			isa = PBXFrameworksBuildPhase;
			buildActionMask = 2147483647;
			files = (
			);
			runOnlyForDeploymentPostprocessing = 0;
		};
/* End PBXFrameworksBuildPhase section */

/* Begin PBXGroup section */
		5EB742821D02EBAB006DC4C7 /* Class */ = {
			isa = PBXGroup;
			children = (
				5EB742841D02EBAB006DC4C7 /* Essence */,
				5EB742881D02EBAB006DC4C7 /* FriendTrends */,
				5EB7428D1D02EBAB006DC4C7 /* Me */,
				5EB742911D02EBAB006DC4C7 /* New */,
				5EB7429F1D02EEC5006DC4C7 /* Other */,
			);
			path = Class;
			sourceTree = "<group>";
		};
		5EB742841D02EBAB006DC4C7 /* Essence */ = {
			isa = PBXGroup;
			children = (
				5EB742851D02EBAB006DC4C7 /* Controller */,
				5EB742861D02EBAB006DC4C7 /* Model */,
				5EB742871D02EBAB006DC4C7 /* View */,
			);
			path = Essence;
			sourceTree = "<group>";
		};
		5EB742851D02EBAB006DC4C7 /* Controller */ = {
			isa = PBXGroup;
			children = (
				5E4641371D030BD2003B67FC /* ZEssenceViewController.h */,
				5E4641381D030BD2003B67FC /* ZEssenceViewController.m */,
			);
			path = Controller;
			sourceTree = "<group>";
		};
		5EB742861D02EBAB006DC4C7 /* Model */ = {
			isa = PBXGroup;
			children = (
			);
			path = Model;
			sourceTree = "<group>";
		};
		5EB742871D02EBAB006DC4C7 /* View */ = {
			isa = PBXGroup;
			children = (
			);
			path = View;
			sourceTree = "<group>";
		};
		5EB742881D02EBAB006DC4C7 /* FriendTrends */ = {
			isa = PBXGroup;
			children = (
				5EB742891D02EBAB006DC4C7 /* Controller */,
				5EB7428A1D02EBAB006DC4C7 /* Model */,
				5EB7428B1D02EBAB006DC4C7 /* View */,
			);
			path = FriendTrends;
			sourceTree = "<group>";
		};
		5EB742891D02EBAB006DC4C7 /* Controller */ = {
			isa = PBXGroup;
			children = (
				5E46413A1D030C00003B67FC /* ZFriendTrendsViewController.h */,
				5E46413B1D030C00003B67FC /* ZFriendTrendsViewController.m */,
				5E61EEA01D07DF6C004451C5 /* ZFriendTrendsViewController.xib */,
			);
			path = Controller;
			sourceTree = "<group>";
		};
		5EB7428A1D02EBAB006DC4C7 /* Model */ = {
			isa = PBXGroup;
			children = (
			);
			path = Model;
			sourceTree = "<group>";
		};
		5EB7428B1D02EBAB006DC4C7 /* View */ = {
			isa = PBXGroup;
			children = (
			);
			path = View;
			sourceTree = "<group>";
		};
		5EB7428D1D02EBAB006DC4C7 /* Me */ = {
			isa = PBXGroup;
			children = (
				5EB7428E1D02EBAB006DC4C7 /* Controller */,
				5EB7428F1D02EBAB006DC4C7 /* Model */,
				5EB742901D02EBAB006DC4C7 /* View */,
			);
			path = Me;
			sourceTree = "<group>";
		};
		5EB7428E1D02EBAB006DC4C7 /* Controller */ = {
			isa = PBXGroup;
			children = (
				5E46413D1D030C0A003B67FC /* ZMeViewController.h */,
				5E46413E1D030C0A003B67FC /* ZMeViewController.m */,
			);
			path = Controller;
			sourceTree = "<group>";
		};
		5EB7428F1D02EBAB006DC4C7 /* Model */ = {
			isa = PBXGroup;
			children = (
			);
			path = Model;
			sourceTree = "<group>";
		};
		5EB742901D02EBAB006DC4C7 /* View */ = {
			isa = PBXGroup;
			children = (
			);
			path = View;
			sourceTree = "<group>";
		};
		5EB742911D02EBAB006DC4C7 /* New */ = {
			isa = PBXGroup;
			children = (
				5EB742921D02EBAB006DC4C7 /* Controller */,
				5EB742931D02EBAB006DC4C7 /* Model */,
				5EB742941D02EBAB006DC4C7 /* View */,
			);
			path = New;
			sourceTree = "<group>";
		};
		5EB742921D02EBAB006DC4C7 /* Controller */ = {
			isa = PBXGroup;
			children = (
				5E4641401D030C14003B67FC /* ZNewViewController.h */,
				5E4641411D030C14003B67FC /* ZNewViewController.m */,
			);
			path = Controller;
			sourceTree = "<group>";
		};
		5EB742931D02EBAB006DC4C7 /* Model */ = {
			isa = PBXGroup;
			children = (
			);
			path = Model;
			sourceTree = "<group>";
		};
		5EB742941D02EBAB006DC4C7 /* View */ = {
			isa = PBXGroup;
			children = (
			);
			path = View;
			sourceTree = "<group>";
		};
		5EB7429F1D02EEC5006DC4C7 /* Other */ = {
			isa = PBXGroup;
			children = (
				5EB742A01D02EEC5006DC4C7 /* AppDelegate.h */,
				5EB742A11D02EEC5006DC4C7 /* AppDelegate.m */,
				5EB742A21D02EEC5006DC4C7 /* Category */,
				5EB742A71D02EEC5006DC4C7 /* Controller */,
				5EB742AC1D02EEC5006DC4C7 /* View */,
				5EB742AA1D02EEC5006DC4C7 /* main.m */,
				5EB742B51D02F0B5006DC4C7 /* PrefixHeader.pch */,
			);
			path = Other;
			sourceTree = "<group>";
		};
		5EB742A21D02EEC5006DC4C7 /* Category */ = {
			isa = PBXGroup;
			children = (
				5EB742A31D02EEC5006DC4C7 /* UIBarButtonItem+XMGExtension.h */,
				5EB742A41D02EEC5006DC4C7 /* UIBarButtonItem+XMGExtension.m */,
				5EB742A51D02EEC5006DC4C7 /* UIView+XMGExtension.h */,
				5EB742A61D02EEC5006DC4C7 /* UIView+XMGExtension.m */,
			);
			path = Category;
			sourceTree = "<group>";
		};
		5EB742A71D02EEC5006DC4C7 /* Controller */ = {
			isa = PBXGroup;
			children = (
				5EC715451D0577010092FF9B /* ZNavigationController.h */,
				5EC715461D0577010092FF9B /* ZNavigationController.m */,
				5EB742A81D02EEC5006DC4C7 /* XMGTabBarController.h */,
				5EB742A91D02EEC5006DC4C7 /* XMGTabBarController.m */,
			);
			path = Controller;
			sourceTree = "<group>";
		};
		5EB742AC1D02EEC5006DC4C7 /* View */ = {
			isa = PBXGroup;
			children = (
				5EB742AD1D02EEC5006DC4C7 /* XMGTabBar.h */,
				5EB742AE1D02EEC5006DC4C7 /* XMGTabBar.m */,
			);
			path = View;
			sourceTree = "<group>";
		};
		5ECA83F51CF7541D001C03C8 = {
			isa = PBXGroup;
			children = (
				5ECA84001CF7541D001C03C8 /* BaiSiBuDeJie */,
				5ECA841A1CF7541D001C03C8 /* BaiSiBuDeJieTests */,
				5ECA84251CF7541D001C03C8 /* BaiSiBuDeJieUITests */,
				5ECA83FF1CF7541D001C03C8 /* Products */,
			);
			sourceTree = "<group>";
		};
		5ECA83FF1CF7541D001C03C8 /* Products */ = {
			isa = PBXGroup;
			children = (
				5ECA83FE1CF7541D001C03C8 /* BaiSiBuDeJie.app */,
				5ECA84171CF7541D001C03C8 /* BaiSiBuDeJieTests.xctest */,
				5ECA84221CF7541D001C03C8 /* BaiSiBuDeJieUITests.xctest */,
			);
			name = Products;
			sourceTree = "<group>";
		};
		5ECA84001CF7541D001C03C8 /* BaiSiBuDeJie */ = {
			isa = PBXGroup;
			children = (
				5EB742821D02EBAB006DC4C7 /* Class */,
				5ECA84011CF7541D001C03C8 /* Supporting Files */,
			);
			path = BaiSiBuDeJie;
			sourceTree = "<group>";
		};
		5ECA84011CF7541D001C03C8 /* Supporting Files */ = {
			isa = PBXGroup;
			children = (
				5ECA840D1CF7541D001C03C8 /* Assets.xcassets */,
				5ECA84121CF7541D001C03C8 /* Info.plist */,
			);
			name = "Supporting Files";
			sourceTree = "<group>";
		};
		5ECA841A1CF7541D001C03C8 /* BaiSiBuDeJieTests */ = {
			isa = PBXGroup;
			children = (
				5ECA841B1CF7541D001C03C8 /* BaiSiBuDeJieTests.m */,
				5ECA841D1CF7541D001C03C8 /* Info.plist */,
			);
			path = BaiSiBuDeJieTests;
			sourceTree = "<group>";
		};
		5ECA84251CF7541D001C03C8 /* BaiSiBuDeJieUITests */ = {
			isa = PBXGroup;
			children = (
				5ECA84261CF7541D001C03C8 /* BaiSiBuDeJieUITests.m */,
				5ECA84281CF7541D001C03C8 /* Info.plist */,
			);
			path = BaiSiBuDeJieUITests;
			sourceTree = "<group>";
		};
/* End PBXGroup section */

/* Begin PBXNativeTarget section */
		5ECA83FD1CF7541D001C03C8 /* BaiSiBuDeJie */ = {
			isa = PBXNativeTarget;
			buildConfigurationList = 5ECA842B1CF7541D001C03C8 /* Build configuration list for PBXNativeTarget "BaiSiBuDeJie" */;
			buildPhases = (
				5ECA83FA1CF7541D001C03C8 /* Sources */,
				5ECA83FB1CF7541D001C03C8 /* Frameworks */,
				5ECA83FC1CF7541D001C03C8 /* Resources */,
			);
			buildRules = (
			);
			dependencies = (
			);
			name = BaiSiBuDeJie;
			productName = BaiSiBuDeJie;
			productReference = 5ECA83FE1CF7541D001C03C8 /* BaiSiBuDeJie.app */;
			productType = "com.apple.product-type.application";
		};
		5ECA84161CF7541D001C03C8 /* BaiSiBuDeJieTests */ = {
			isa = PBXNativeTarget;
			buildConfigurationList = 5ECA842E1CF7541D001C03C8 /* Build configuration list for PBXNativeTarget "BaiSiBuDeJieTests" */;
			buildPhases = (
				5ECA84131CF7541D001C03C8 /* Sources */,
				5ECA84141CF7541D001C03C8 /* Frameworks */,
				5ECA84151CF7541D001C03C8 /* Resources */,
			);
			buildRules = (
			);
			dependencies = (
				5ECA84191CF7541D001C03C8 /* PBXTargetDependency */,
			);
			name = BaiSiBuDeJieTests;
			productName = BaiSiBuDeJieTests;
			productReference = 5ECA84171CF7541D001C03C8 /* BaiSiBuDeJieTests.xctest */;
			productType = "com.apple.product-type.bundle.unit-test";
		};
		5ECA84211CF7541D001C03C8 /* BaiSiBuDeJieUITests */ = {
			isa = PBXNativeTarget;
			buildConfigurationList = 5ECA84311CF7541D001C03C8 /* Build configuration list for PBXNativeTarget "BaiSiBuDeJieUITests" */;
			buildPhases = (
				5ECA841E1CF7541D001C03C8 /* Sources */,
				5ECA841F1CF7541D001C03C8 /* Frameworks */,
				5ECA84201CF7541D001C03C8 /* Resources */,
			);
			buildRules = (
			);
			dependencies = (
				5ECA84241CF7541D001C03C8 /* PBXTargetDependency */,
			);
			name = BaiSiBuDeJieUITests;
			productName = BaiSiBuDeJieUITests;
			productReference = 5ECA84221CF7541D001C03C8 /* BaiSiBuDeJieUITests.xctest */;
			productType = "com.apple.product-type.bundle.ui-testing";
		};
/* End PBXNativeTarget section */

/* Begin PBXProject section */
		5ECA83F61CF7541D001C03C8 /* Project object */ = {
			isa = PBXProject;
			attributes = {
				CLASSPREFIX = Z;
				LastUpgradeCheck = 0720;
				ORGANIZATIONNAME = Zack;
				TargetAttributes = {
					5ECA83FD1CF7541D001C03C8 = {
						CreatedOnToolsVersion = 7.2;
					};
					5ECA84161CF7541D001C03C8 = {
						CreatedOnToolsVersion = 7.2;
						TestTargetID = 5ECA83FD1CF7541D001C03C8;
					};
					5ECA84211CF7541D001C03C8 = {
						CreatedOnToolsVersion = 7.2;
						TestTargetID = 5ECA83FD1CF7541D001C03C8;
					};
				};
			};
			buildConfigurationList = 5ECA83F91CF7541D001C03C8 /* Build configuration list for PBXProject "BaiSiBuDeJie" */;
			compatibilityVersion = "Xcode 3.2";
			developmentRegion = English;
			hasScannedForEncodings = 0;
			knownRegions = (
				en,
				Base,
			);
			mainGroup = 5ECA83F51CF7541D001C03C8;
			productRefGroup = 5ECA83FF1CF7541D001C03C8 /* Products */;
			projectDirPath = "";
			projectRoot = "";
			targets = (
				5ECA83FD1CF7541D001C03C8 /* BaiSiBuDeJie */,
				5ECA84161CF7541D001C03C8 /* BaiSiBuDeJieTests */,
				5ECA84211CF7541D001C03C8 /* BaiSiBuDeJieUITests */,
			);
		};
/* End PBXProject section */

/* Begin PBXResourcesBuildPhase section */
		5ECA83FC1CF7541D001C03C8 /* Resources */ = {
			isa = PBXResourcesBuildPhase;
			buildActionMask = 2147483647;
			files = (
				5ECA840E1CF7541D001C03C8 /* Assets.xcassets in Resources */,
				5E61EEA11D07DF6C004451C5 /* ZFriendTrendsViewController.xib in Resources */,
			);
			runOnlyForDeploymentPostprocessing = 0;
		};
		5ECA84151CF7541D001C03C8 /* Resources */ = {
			isa = PBXResourcesBuildPhase;
			buildActionMask = 2147483647;
			files = (
			);
			runOnlyForDeploymentPostprocessing = 0;
		};
		5ECA84201CF7541D001C03C8 /* Resources */ = {
			isa = PBXResourcesBuildPhase;
			buildActionMask = 2147483647;
			files = (
			);
			runOnlyForDeploymentPostprocessing = 0;
		};
/* End PBXResourcesBuildPhase section */

/* Begin PBXSourcesBuildPhase section */
		5ECA83FA1CF7541D001C03C8 /* Sources */ = {
			isa = PBXSourcesBuildPhase;
			buildActionMask = 2147483647;
			files = (
				5EC715471D0577010092FF9B /* ZNavigationController.m in Sources */,
				5E4641391D030BD2003B67FC /* ZEssenceViewController.m in Sources */,
				5E46413F1D030C0A003B67FC /* ZMeViewController.m in Sources */,
				5E46413C1D030C00003B67FC /* ZFriendTrendsViewController.m in Sources */,
				5EB742B31D02EEC5006DC4C7 /* main.m in Sources */,
				5EB742B21D02EEC5006DC4C7 /* XMGTabBarController.m in Sources */,
				5EB742B41D02EEC5006DC4C7 /* XMGTabBar.m in Sources */,
				5EB742AF1D02EEC5006DC4C7 /* AppDelegate.m in Sources */,
				5EB742B11D02EEC5006DC4C7 /* UIView+XMGExtension.m in Sources */,
				5E4641421D030C14003B67FC /* ZNewViewController.m in Sources */,
				5EB742B01D02EEC5006DC4C7 /* UIBarButtonItem+XMGExtension.m in Sources */,
			);
			runOnlyForDeploymentPostprocessing = 0;
		};
		5ECA84131CF7541D001C03C8 /* Sources */ = {
			isa = PBXSourcesBuildPhase;
			buildActionMask = 2147483647;
			files = (
				5ECA841C1CF7541D001C03C8 /* BaiSiBuDeJieTests.m in Sources */,
			);
			runOnlyForDeploymentPostprocessing = 0;
		};
		5ECA841E1CF7541D001C03C8 /* Sources */ = {
			isa = PBXSourcesBuildPhase;
			buildActionMask = 2147483647;
			files = (
				5ECA84271CF7541D001C03C8 /* BaiSiBuDeJieUITests.m in Sources */,
			);
			runOnlyForDeploymentPostprocessing = 0;
		};
/* End PBXSourcesBuildPhase section */

/* Begin PBXTargetDependency section */
		5ECA84191CF7541D001C03C8 /* PBXTargetDependency */ = {
			isa = PBXTargetDependency;
			target = 5ECA83FD1CF7541D001C03C8 /* BaiSiBuDeJie */;
			targetProxy = 5ECA84181CF7541D001C03C8 /* PBXContainerItemProxy */;
		};
		5ECA84241CF7541D001C03C8 /* PBXTargetDependency */ = {
			isa = PBXTargetDependency;
			target = 5ECA83FD1CF7541D001C03C8 /* BaiSiBuDeJie */;
			targetProxy = 5ECA84231CF7541D001C03C8 /* PBXContainerItemProxy */;
		};
/* End PBXTargetDependency section */

/* Begin XCBuildConfiguration section */
		5ECA84291CF7541D001C03C8 /* Debug */ = {
			isa = XCBuildConfiguration;
			buildSettings = {
				ALWAYS_SEARCH_USER_PATHS = NO;
				CLANG_CXX_LANGUAGE_STANDARD = "gnu++0x";
				CLANG_CXX_LIBRARY = "libc++";
				CLANG_ENABLE_MODULES = YES;
				CLANG_ENABLE_OBJC_ARC = YES;
				CLANG_WARN_BOOL_CONVERSION = YES;
				CLANG_WARN_CONSTANT_CONVERSION = YES;
				CLANG_WARN_DIRECT_OBJC_ISA_USAGE = YES_ERROR;
				CLANG_WARN_EMPTY_BODY = YES;
				CLANG_WARN_ENUM_CONVERSION = YES;
				CLANG_WARN_INT_CONVERSION = YES;
				CLANG_WARN_OBJC_ROOT_CLASS = YES_ERROR;
				CLANG_WARN_UNREACHABLE_CODE = YES;
				CLANG_WARN__DUPLICATE_METHOD_MATCH = YES;
				"CODE_SIGN_IDENTITY[sdk=iphoneos*]" = "iPhone Developer";
				COPY_PHASE_STRIP = NO;
				DEBUG_INFORMATION_FORMAT = dwarf;
				ENABLE_STRICT_OBJC_MSGSEND = YES;
				ENABLE_TESTABILITY = YES;
				GCC_C_LANGUAGE_STANDARD = gnu99;
				GCC_DYNAMIC_NO_PIC = NO;
				GCC_NO_COMMON_BLOCKS = YES;
				GCC_OPTIMIZATION_LEVEL = 0;
				GCC_PREPROCESSOR_DEFINITIONS = (
					"DEBUG=1",
					"$(inherited)",
				);
				GCC_WARN_64_TO_32_BIT_CONVERSION = YES;
				GCC_WARN_ABOUT_RETURN_TYPE = YES_ERROR;
				GCC_WARN_UNDECLARED_SELECTOR = YES;
				GCC_WARN_UNINITIALIZED_AUTOS = YES_AGGRESSIVE;
				GCC_WARN_UNUSED_FUNCTION = YES;
				GCC_WARN_UNUSED_VARIABLE = YES;
				IPHONEOS_DEPLOYMENT_TARGET = 9.2;
				MTL_ENABLE_DEBUG_INFO = YES;
				ONLY_ACTIVE_ARCH = YES;
				SDKROOT = iphoneos;
			};
			name = Debug;
		};
		5ECA842A1CF7541D001C03C8 /* Release */ = {
			isa = XCBuildConfiguration;
			buildSettings = {
				ALWAYS_SEARCH_USER_PATHS = NO;
				CLANG_CXX_LANGUAGE_STANDARD = "gnu++0x";
				CLANG_CXX_LIBRARY = "libc++";
				CLANG_ENABLE_MODULES = YES;
				CLANG_ENABLE_OBJC_ARC = YES;
				CLANG_WARN_BOOL_CONVERSION = YES;
				CLANG_WARN_CONSTANT_CONVERSION = YES;
				CLANG_WARN_DIRECT_OBJC_ISA_USAGE = YES_ERROR;
				CLANG_WARN_EMPTY_BODY = YES;
				CLANG_WARN_ENUM_CONVERSION = YES;
				CLANG_WARN_INT_CONVERSION = YES;
				CLANG_WARN_OBJC_ROOT_CLASS = YES_ERROR;
				CLANG_WARN_UNREACHABLE_CODE = YES;
				CLANG_WARN__DUPLICATE_METHOD_MATCH = YES;
				"CODE_SIGN_IDENTITY[sdk=iphoneos*]" = "iPhone Developer";
				COPY_PHASE_STRIP = NO;
				DEBUG_INFORMATION_FORMAT = "dwarf-with-dsym";
				ENABLE_NS_ASSERTIONS = NO;
				ENABLE_STRICT_OBJC_MSGSEND = YES;
				GCC_C_LANGUAGE_STANDARD = gnu99;
				GCC_NO_COMMON_BLOCKS = YES;
				GCC_WARN_64_TO_32_BIT_CONVERSION = YES;
				GCC_WARN_ABOUT_RETURN_TYPE = YES_ERROR;
				GCC_WARN_UNDECLARED_SELECTOR = YES;
				GCC_WARN_UNINITIALIZED_AUTOS = YES_AGGRESSIVE;
				GCC_WARN_UNUSED_FUNCTION = YES;
				GCC_WARN_UNUSED_VARIABLE = YES;
				IPHONEOS_DEPLOYMENT_TARGET = 9.2;
				MTL_ENABLE_DEBUG_INFO = NO;
				SDKROOT = iphoneos;
				VALIDATE_PRODUCT = YES;
			};
			name = Release;
		};
		5ECA842C1CF7541D001C03C8 /* Debug */ = {
			isa = XCBuildConfiguration;
			buildSettings = {
				ASSETCATALOG_COMPILER_APPICON_NAME = AppIcon;
				ASSETCATALOG_COMPILER_LAUNCHIMAGE_NAME = LaunchImage;
				GCC_PRECOMPILE_PREFIX_HEADER = NO;
				GCC_PREFIX_HEADER = BaiSiBuDeJie/Class/Other/PrefixHeader.pch;
				INFOPLIST_FILE = BaiSiBuDeJie/Info.plist;
				IPHONEOS_DEPLOYMENT_TARGET = 7.0;
				LD_RUNPATH_SEARCH_PATHS = "$(inherited) @executable_path/Frameworks";
				PRODUCT_BUNDLE_IDENTIFIER = com.tencent.BaiSiBuDeJie;
				PRODUCT_NAME = "$(TARGET_NAME)";
			};
			name = Debug;
		};
		5ECA842D1CF7541D001C03C8 /* Release */ = {
			isa = XCBuildConfiguration;
			buildSettings = {
				ASSETCATALOG_COMPILER_APPICON_NAME = AppIcon;
				ASSETCATALOG_COMPILER_LAUNCHIMAGE_NAME = LaunchImage;
				GCC_PRECOMPILE_PREFIX_HEADER = NO;
				GCC_PREFIX_HEADER = BaiSiBuDeJie/Class/Other/PrefixHeader.pch;
				INFOPLIST_FILE = BaiSiBuDeJie/Info.plist;
				IPHONEOS_DEPLOYMENT_TARGET = 7.0;
				LD_RUNPATH_SEARCH_PATHS = "$(inherited) @executable_path/Frameworks";
				PRODUCT_BUNDLE_IDENTIFIER = com.tencent.BaiSiBuDeJie;
				PRODUCT_NAME = "$(TARGET_NAME)";
			};
			name = Release;
		};
		5ECA842F1CF7541D001C03C8 /* Debug */ = {
			isa = XCBuildConfiguration;
			buildSettings = {
				BUNDLE_LOADER = "$(TEST_HOST)";
				INFOPLIST_FILE = BaiSiBuDeJieTests/Info.plist;
				LD_RUNPATH_SEARCH_PATHS = "$(inherited) @executable_path/Frameworks @loader_path/Frameworks";
				PRODUCT_BUNDLE_IDENTIFIER = com.tencent.BaiSiBuDeJieTests;
				PRODUCT_NAME = "$(TARGET_NAME)";
				TEST_HOST = "$(BUILT_PRODUCTS_DIR)/BaiSiBuDeJie.app/BaiSiBuDeJie";
			};
			name = Debug;
		};
		5ECA84301CF7541D001C03C8 /* Release */ = {
			isa = XCBuildConfiguration;
			buildSettings = {
				BUNDLE_LOADER = "$(TEST_HOST)";
				INFOPLIST_FILE = BaiSiBuDeJieTests/Info.plist;
				LD_RUNPATH_SEARCH_PATHS = "$(inherited) @executable_path/Frameworks @loader_path/Frameworks";
				PRODUCT_BUNDLE_IDENTIFIER = com.tencent.BaiSiBuDeJieTests;
				PRODUCT_NAME = "$(TARGET_NAME)";
				TEST_HOST = "$(BUILT_PRODUCTS_DIR)/BaiSiBuDeJie.app/BaiSiBuDeJie";
			};
			name = Release;
		};
		5ECA84321CF7541D001C03C8 /* Debug */ = {
			isa = XCBuildConfiguration;
			buildSettings = {
				INFOPLIST_FILE = BaiSiBuDeJieUITests/Info.plist;
				LD_RUNPATH_SEARCH_PATHS = "$(inherited) @executable_path/Frameworks @loader_path/Frameworks";
				PRODUCT_BUNDLE_IDENTIFIER = com.tencent.BaiSiBuDeJieUITests;
				PRODUCT_NAME = "$(TARGET_NAME)";
				TEST_TARGET_NAME = BaiSiBuDeJie;
				USES_XCTRUNNER = YES;
			};
			name = Debug;
		};
		5ECA84331CF7541D001C03C8 /* Release */ = {
			isa = XCBuildConfiguration;
			buildSettings = {
				INFOPLIST_FILE = BaiSiBuDeJieUITests/Info.plist;
				LD_RUNPATH_SEARCH_PATHS = "$(inherited) @executable_path/Frameworks @loader_path/Frameworks";
				PRODUCT_BUNDLE_IDENTIFIER = com.tencent.BaiSiBuDeJieUITests;
				PRODUCT_NAME = "$(TARGET_NAME)";
				TEST_TARGET_NAME = BaiSiBuDeJie;
				USES_XCTRUNNER = YES;
			};
			name = Release;
		};
/* End XCBuildConfiguration section */

/* Begin XCConfigurationList section */
		5ECA83F91CF7541D001C03C8 /* Build configuration list for PBXProject "BaiSiBuDeJie" */ = {
			isa = XCConfigurationList;
			buildConfigurations = (
				5ECA84291CF7541D001C03C8 /* Debug */,
				5ECA842A1CF7541D001C03C8 /* Release */,
			);
			defaultConfigurationIsVisible = 0;
			defaultConfigurationName = Release;
		};
		5ECA842B1CF7541D001C03C8 /* Build configuration list for PBXNativeTarget "BaiSiBuDeJie" */ = {
			isa = XCConfigurationList;
			buildConfigurations = (
				5ECA842C1CF7541D001C03C8 /* Debug */,
				5ECA842D1CF7541D001C03C8 /* Release */,
			);
			defaultConfigurationIsVisible = 0;
			defaultConfigurationName = Release;
		};
		5ECA842E1CF7541D001C03C8 /* Build configuration list for PBXNativeTarget "BaiSiBuDeJieTests" */ = {
			isa = XCConfigurationList;
			buildConfigurations = (
				5ECA842F1CF7541D001C03C8 /* Debug */,
				5ECA84301CF7541D001C03C8 /* Release */,
			);
			defaultConfigurationIsVisible = 0;
			defaultConfigurationName = Release;
		};
		5ECA84311CF7541D001C03C8 /* Build configuration list for PBXNativeTarget "BaiSiBuDeJieUITests" */ = {
			isa = XCConfigurationList;
			buildConfigurations = (
				5ECA84321CF7541D001C03C8 /* Debug */,
				5ECA84331CF7541D001C03C8 /* Release */,
			);
			defaultConfigurationIsVisible = 0;
			defaultConfigurationName = Release;
		};
/* End XCConfigurationList section */
	};
	rootObject = 5ECA83F61CF7541D001C03C8 /* Project object */;
}
